github.com/kxue43/seinosuke v0.1.0 h1:1O+bNfQx5M/uwCOqgM4yq8dq8i9gg1qZSvpJWJOo9uw=
github.com/kxue43/seinosuke v0.1.0/go.mod h1:tP6QQp/oyNnm+ipj7+Z1fDG5Rs31DVwsKjEhgAP5+Oo=
github.com/kxue43/seinosuke v0.2.0 h1:tLqjKWhReNFtOQXwzzecVnwsTthvw9aZMXALL4b5vlI=
github.com/kxue43/seinosuke v0.2.0/go.mod h1:tP6QQp/oyNnm+ipj7+Z1fDG5Rs31DVwsKjEhgAP5+Oo=
github.com/kxue43/seinosuke v0.3.0 h1:u9AW22UpsrWndj3mrlGVuOjZzfCOAstQeM7t+bdUUVA=
github.com/kxue43/seinosuke v0.3.0/go.mod h1:tP6QQp/oyNnm+ipj7+Z1fDG5Rs31DVwsKjEhgAP5+Oo=
