github.com/gethinode/hinode v0.27.8 h1:jB86d1VxZBYJ6jhqultRI5XmO4OwAzHSKSAAcsr3YJY=
github.com/gethinode/hinode v0.27.8/go.mod h1:L9xLjrh/W2oqnycFB14dfHX8PNWpBlBNdOI+q5U9Ric=
github.com/gethinode/hinode v1.19.3 h1:lMOhTqJR8P0OsOvA+shZN+Aj564oBpDdtBili1yLgjM=
github.com/gethinode/hinode v1.19.3/go.mod h1:tQL2XkBuX5Z0bt4onWjd7LIs/iV9VDdD1lO4mje3Sw0=
github.com/gethinode/hinode v1.19.7 h1:Nj9Zn6Akwt8Tl6dLj10NtES6te1jRvJj/S/SxYWLYGs=
github.com/gethinode/hinode v1.19.7/go.mod h1:qm9X5FuEoIYstw6PwE9X97tM7Pm/mtajJ375wbC6ZK4=
